# This file is automatically @generated by Poetry 2.0.0 and should not be changed by hand.

[[package]]
name = "click"
version = "8.2.1"
description = "Composable command line interface toolkit"
optional = false
python-versions = ">=3.10"
groups = ["main"]
files = [
    {file = "click-8.2.1-py3-none-any.whl", hash = "sha256:61a3265b914e850b85317d0b3109c7f8cd35a670f963866005d6ef1d5175a12b"},
    {file = "click-8.2.1.tar.gz", hash = "sha256:27c491cc05d968d271d5a1db13e3b5a184636d9d930f148c50b038f0d0646202"},
]

[package.dependencies]
colorama = {version = "*", markers = "platform_system == \"Windows\""}

[[package]]
name = "colorama"
version = "0.4.6"
description = "Cross-platform colored terminal text."
optional = false
python-versions = "!=3.0.*,!=3.1.*,!=3.2.*,!=3.3.*,!=3.4.*,!=3.5.*,!=3.6.*,>=2.7"
groups = ["main"]
markers = "platform_system == \"Windows\""
files = [
    {file = "colorama-0.4.6-py2.py3-none-any.whl", hash = "sha256:4f1d9991f5acc0ca119f9d443620b77f9d6b33703e51011c16baf57afb285fc6"},
    {file = "colorama-0.4.6.tar.gz", hash = "sha256:08695f5cb7ed6e0531a20572697297273c47b8cae5a63ffc6d6ed5c201be6e44"},
]

[[package]]
name = "webserver"
version = "0.10.3"
description = "Simple to use CLI for setting up nginx webserver in Docker Swarm and adding websites' configs, proxies and static files"
optional = false
python-versions = ">=3.7"
groups = ["main"]
files = [
    {file = "webserver-0.10.3-py3-none-any.whl", hash = "sha256:3d3a27ffeecaa5abb4b5b328496dbe7efb9997110e9b89d69a034846448cb0a3"},
    {file = "webserver-0.10.3.tar.gz", hash = "sha256:3c0d1c0b0b12dafe6595dffd16b92d9166f592325a4f24dda74e51ca0580e1a7"},
]

[package.dependencies]
click = "*"

[package.extras]
lint = ["autoflake", "black", "isort", "mypy"]
test = ["asynctest"]

[metadata]
lock-version = "2.1"
python-versions = ">=3.13"
content-hash = "bfea1642a4d35e7f8afce75d6dca269d3db4c216b92f72916a2698303d38a274"
